
Microsoft Visual Studio Solution File, Format Version 12.00
# Visual Studio Version 16
VisualStudioVersion = 16.0.30709.132
MinimumVisualStudioVersion = 10.0.40219.1
Project("{FAE04EC0-301F-11D3-BF4B-00C04F79EFBC}") = "MvcMovie", "MvcMovie\MvcMovie.csproj", "{A20AEB01-EA08-4C30-8343-9453C29D3C25}"
EndProject
Global
	GlobalSection(SolutionConfigurationPlatforms) = preSolution
		Debug|Any CPU = Debug|Any CPU
		Release|Any CPU = Release|Any CPU
	EndGlobalSection
	GlobalSection(ProjectConfigurationPlatforms) = postSolution
		{A20AEB01-EA08-4C30-8343-9453C29D3C25}.Debug|Any CPU.ActiveCfg = Debug|Any CPU
		{A20AEB01-EA08-4C30-8343-9453C29D3C25}.Debug|Any CPU.Build.0 = Debug|Any CPU
		{A20AEB01-EA08-4C30-8343-9453C29D3C25}.Release|Any CPU.ActiveCfg = Release|Any CPU
		{A20AEB01-EA08-4C30-8343-9453C29D3C25}.Release|Any CPU.Build.0 = Release|Any CPU
	EndGlobalSection
	GlobalSection(SolutionProperties) = preSolution
		HideSolutionNode = FALSE
	EndGlobalSection
	GlobalSection(ExtensibilityGlobals) = postSolution
		SolutionGuid = {34BB9C35-F263-4D07-B286-C7D23AAF2E63}
	EndGlobalSection
EndGlobal
