
Microsoft Visual Studio Solution File, Format Version 12.00
# Visual Studio Version 16
VisualStudioVersion = 16.0.30413.136
MinimumVisualStudioVersion = 10.0.40219.1
Project("{FAE04EC0-301F-11D3-BF4B-00C04F79EFBC}") = "MathQuiz", "MathQuiz\MathQuiz.csproj", "{3A8728A2-C909-4606-AFF7-D006DB58AE7A}"
EndProject
Global
	GlobalSection(SolutionConfigurationPlatforms) = preSolution
		Debug|Any CPU = Debug|Any CPU
		Release|Any CPU = Release|Any CPU
	EndGlobalSection
	GlobalSection(ProjectConfigurationPlatforms) = postSolution
		{3A8728A2-C909-4606-AFF7-D006DB58AE7A}.Debug|Any CPU.ActiveCfg = Debug|Any CPU
		{3A8728A2-C909-4606-AFF7-D006DB58AE7A}.Debug|Any CPU.Build.0 = Debug|Any CPU
		{3A8728A2-C909-4606-AFF7-D006DB58AE7A}.Release|Any CPU.ActiveCfg = Release|Any CPU
		{3A8728A2-C909-4606-AFF7-D006DB58AE7A}.Release|Any CPU.Build.0 = Release|Any CPU
	EndGlobalSection
	GlobalSection(SolutionProperties) = preSolution
		HideSolutionNode = FALSE
	EndGlobalSection
	GlobalSection(ExtensibilityGlobals) = postSolution
		SolutionGuid = {6BBB138A-0A9E-4DFE-9698-43AF7C8019E4}
	EndGlobalSection
EndGlobal
